{
  "version": 4,
  "terraform_version": "1.5.7",
  "serial": 4,
  "lineage": "abb5dd33-e20c-d9eb-d588-9afd48e6578e",
  "outputs": {},
  "resources": [
    {
      "mode": "managed",
      "type": "google_storage_bucket",
      "name": "default",
      "provider": "provider[\"registry.terraform.io/hashicorp/google\"]",
      "instances": [
        {
          "schema_version": 0,
          "attributes": {
            "autoclass": [],
            "cors": [],
            "custom_placement_config": [],
            "default_event_based_hold": false,
            "encryption": [],
            "force_destroy": true,
            "id": "552712db524bdb56-terraform-remote-backend",
            "labels": null,
            "lifecycle_rule": [],
            "location": "US",
            "logging": [],
            "name": "552712db524bdb56-terraform-remote-backend",
            "project": "beaming-pillar-461818-j7",
            "public_access_prevention": "enforced",
            "requester_pays": false,
            "retention_policy": [],
            "self_link": "https://www.googleapis.com/storage/v1/b/552712db524bdb56-terraform-remote-backend",
            "storage_class": "STANDARD",
            "timeouts": null,
            "uniform_bucket_level_access": true,
            "url": "gs://552712db524bdb56-terraform-remote-backend",
            "versioning": [
              {
                "enabled": true
              }
            ],
            "website": []
          },
          "sensitive_attributes": [],
          "private": "eyJlMmJmYjczMC1lY2FhLTExZTYtOGY4OC0zNDM2M2JjN2M0YzAiOnsiY3JlYXRlIjoyNDAwMDAwMDAwMDAsInJlYWQiOjI0MDAwMDAwMDAwMCwidXBkYXRlIjoyNDAwMDAwMDAwMDB9fQ==",
          "dependencies": [
            "random_id.default"
          ]
        }
      ]
    },
    {
      "mode": "managed",
      "type": "local_file",
      "name": "default",
      "provider": "provider[\"registry.terraform.io/hashicorp/local\"]",
      "instances": [
        {
          "schema_version": 0,
          "attributes": {
            "content": "terraform {\n  backend \"gcs\" {\n    bucket = \"552712db524bdb56-terraform-remote-backend\"\n  }\n}\n",
            "content_base64": null,
            "content_base64sha256": "KkIzcpO/bu5I/rPou1uriFOWvpQq6bjKVvVhCnY7HBc=",
            "content_base64sha512": "9FXq/tAoxkD6D7NK38vYfDQ1QF+rtc7J9ulfX+sh4X/9vajX2hSkEsdcJKVog5cl7CYlvFN6mSQj4+6GRpQMNw==",
            "content_md5": "394419e704e407867f876b9b9709e5d3",
            "content_sha1": "b7f46510b886c30863e0855278ed0800ca7ae0ec",
            "content_sha256": "2a42337293bf6eee48feb3e8bb5bab885396be942ae9b8ca56f5610a763b1c17",
            "content_sha512": "f455eafed028c640fa0fb34adfcbd87c3435405fabb5cec9f6e95f5feb21e17ffdbda8d7da14a412c75c24a568839725ec2625bc537a992423e3ee8646940c37",
            "directory_permission": "0777",
            "file_permission": "0644",
            "filename": "./backend.tf",
            "id": "b7f46510b886c30863e0855278ed0800ca7ae0ec",
            "sensitive_content": null,
            "source": null
          },
          "sensitive_attributes": [],
          "dependencies": [
            "google_storage_bucket.default",
            "random_id.default"
          ]
        }
      ]
    },
    {
      "mode": "managed",
      "type": "random_id",
      "name": "default",
      "provider": "provider[\"registry.terraform.io/hashicorp/random\"]",
      "instances": [
        {
          "schema_version": 0,
          "attributes": {
            "b64_std": "VScS21JL21Y=",
            "b64_url": "VScS21JL21Y",
            "byte_length": 8,
            "dec": "6135893750503430998",
            "hex": "552712db524bdb56",
            "id": "VScS21JL21Y",
            "keepers": null,
            "prefix": null
          },
          "sensitive_attributes": []
        }
      ]
    }
  ],
  "check_results": null
}
